
Microsoft Visual Studio Solution File, Format Version 12.00
# Visual Studio Version 16
VisualStudioVersion = 16.0.34301.259
MinimumVisualStudioVersion = 10.0.40219.1
Project("{FAE04EC0-301F-11D3-BF4B-00C04F79EFBC}") = "linear equation", "linear equation\linear equation.csproj", "{C5C04DE0-BB88-4463-AD5E-E0184735C21B}"
EndProject
Global
	GlobalSection(SolutionConfigurationPlatforms) = preSolution
		Debug|Any CPU = Debug|Any CPU
		Release|Any CPU = Release|Any CPU
	EndGlobalSection
	GlobalSection(ProjectConfigurationPlatforms) = postSolution
		{C5C04DE0-BB88-4463-AD5E-E0184735C21B}.Debug|Any CPU.ActiveCfg = Debug|Any CPU
		{C5C04DE0-BB88-4463-AD5E-E0184735C21B}.Debug|Any CPU.Build.0 = Debug|Any CPU
		{C5C04DE0-BB88-4463-AD5E-E0184735C21B}.Release|Any CPU.ActiveCfg = Release|Any CPU
		{C5C04DE0-BB88-4463-AD5E-E0184735C21B}.Release|Any CPU.Build.0 = Release|Any CPU
	EndGlobalSection
	GlobalSection(SolutionProperties) = preSolution
		HideSolutionNode = FALSE
	EndGlobalSection
	GlobalSection(ExtensibilityGlobals) = postSolution
		SolutionGuid = {3D0F33D2-7B67-4D79-AB90-943C754A4AE9}
	EndGlobalSection
EndGlobal
